
Microsoft Visual Studio Solution File, Format Version 12.00
# Visual Studio Version 17
VisualStudioVersion = 17.4.33103.184
MinimumVisualStudioVersion = 10.0.40219.1
Project("{FAE04EC0-301F-11D3-BF4B-00C04F79EFBC}") = "Semiconductor", "Semiconductor\Semiconductor.csproj", "{CDED0656-1034-4CD8-8B32-4B80EFBBF218}"
EndProject
Global
	GlobalSection(SolutionConfigurationPlatforms) = preSolution
		Debug|Any CPU = Debug|Any CPU
		Release|Any CPU = Release|Any CPU
	EndGlobalSection
	GlobalSection(ProjectConfigurationPlatforms) = postSolution
		{CDED0656-1034-4CD8-8B32-4B80EFBBF218}.Debug|Any CPU.ActiveCfg = Debug|Any CPU
		{CDED0656-1034-4CD8-8B32-4B80EFBBF218}.Debug|Any CPU.Build.0 = Debug|Any CPU
		{CDED0656-1034-4CD8-8B32-4B80EFBBF218}.Release|Any CPU.ActiveCfg = Release|Any CPU
		{CDED0656-1034-4CD8-8B32-4B80EFBBF218}.Release|Any CPU.Build.0 = Release|Any CPU
	EndGlobalSection
	GlobalSection(SolutionProperties) = preSolution
		HideSolutionNode = FALSE
	EndGlobalSection
	GlobalSection(ExtensibilityGlobals) = postSolution
		SolutionGuid = {AD3C7113-1F8F-4171-9C33-66B32EB3EE8C}
	EndGlobalSection
EndGlobal
